
Microsoft Visual Studio Solution File, Format Version 12.00
# Visual Studio Version 16
VisualStudioVersion = 16.0.31205.134
MinimumVisualStudioVersion = 10.0.40219.1
Project("{9A19103F-16F7-4668-BE54-9A1E7A4F7556}") = "BigBlueButtonAPI.NET", "BigBlueButtonAPI.NET\BigBlueButtonAPI.NET.csproj", "{7DE0A3AE-4CAA-4F7D-BFF6-C18B2CF4C234}"
EndProject
Project("{9A19103F-16F7-4668-BE54-9A1E7A4F7556}") = "eee-example-api", "eee-example-api\eee-example-api.csproj", "{22D5C734-BE00-45D4-81E2-28467B4D6CAF}"
EndProject
Global
	GlobalSection(SolutionConfigurationPlatforms) = preSolution
		Debug|Any CPU = Debug|Any CPU
		Release|Any CPU = Release|Any CPU
	EndGlobalSection
	GlobalSection(ProjectConfigurationPlatforms) = postSolution
		{7DE0A3AE-4CAA-4F7D-BFF6-C18B2CF4C234}.Debug|Any CPU.ActiveCfg = Debug|Any CPU
		{7DE0A3AE-4CAA-4F7D-BFF6-C18B2CF4C234}.Debug|Any CPU.Build.0 = Debug|Any CPU
		{7DE0A3AE-4CAA-4F7D-BFF6-C18B2CF4C234}.Release|Any CPU.ActiveCfg = Release|Any CPU
		{7DE0A3AE-4CAA-4F7D-BFF6-C18B2CF4C234}.Release|Any CPU.Build.0 = Release|Any CPU
		{22D5C734-BE00-45D4-81E2-28467B4D6CAF}.Debug|Any CPU.ActiveCfg = Debug|Any CPU
		{22D5C734-BE00-45D4-81E2-28467B4D6CAF}.Debug|Any CPU.Build.0 = Debug|Any CPU
		{22D5C734-BE00-45D4-81E2-28467B4D6CAF}.Release|Any CPU.ActiveCfg = Release|Any CPU
		{22D5C734-BE00-45D4-81E2-28467B4D6CAF}.Release|Any CPU.Build.0 = Release|Any CPU
	EndGlobalSection
	GlobalSection(SolutionProperties) = preSolution
		HideSolutionNode = FALSE
	EndGlobalSection
	GlobalSection(ExtensibilityGlobals) = postSolution
		SolutionGuid = {DD558AE8-09F9-4CEA-944C-153E5BBF9117}
	EndGlobalSection
EndGlobal
